// !$*UTF8*$!
{
	archiveVersion = 1;
	classes = {
	};
	objectVersion = 56;
	objects = {

/* Begin PBXBuildFile section */
		1E4074E5299BD531001F3937 /* AppDelegate.swift in Sources */ = {isa = PBXBuildFile; fileRef = 1E4074E4299BD531001F3937 /* AppDelegate.swift */; };
		1E4074EE299BD533001F3937 /* Assets.xcassets in Resources */ = {isa = PBXBuildFile; fileRef = 1E4074ED299BD533001F3937 /* Assets.xcassets */; };
		1E4074F1299BD533001F3937 /* LaunchScreen.storyboard in Resources */ = {isa = PBXBuildFile; fileRef = 1E4074EF299BD533001F3937 /* LaunchScreen.storyboard */; };
		1EB62EC5299BE65D003E948E /* PullRequestListModule.swift in Sources */ = {isa = PBXBuildFile; fileRef = 1EB62EC4299BE65D003E948E /* PullRequestListModule.swift */; };
		1EB62EC7299BF113003E948E /* PullRequestModuleProtocols.swift in Sources */ = {isa = PBXBuildFile; fileRef = 1EB62EC6299BF113003E948E /* PullRequestModuleProtocols.swift */; };
		1EB62ECD299BF875003E948E /* PullRequestListViewController.swift in Sources */ = {isa = PBXBuildFile; fileRef = 1EB62ECC299BF875003E948E /* PullRequestListViewController.swift */; };
		1EB62ECF299BF8B4003E948E /* PullRequestListInteractor.swift in Sources */ = {isa = PBXBuildFile; fileRef = 1EB62ECE299BF8B4003E948E /* PullRequestListInteractor.swift */; };
		1EB62ED1299BF95A003E948E /* PullRequestListPresenter.swift in Sources */ = {isa = PBXBuildFile; fileRef = 1EB62ED0299BF95A003E948E /* PullRequestListPresenter.swift */; };
		1EB62ED3299BFB37003E948E /* ApplicationRootRouter.swift in Sources */ = {isa = PBXBuildFile; fileRef = 1EB62ED2299BFB37003E948E /* ApplicationRootRouter.swift */; };
		1EB62ED8299C1937003E948E /* URLExtension.swift in Sources */ = {isa = PBXBuildFile; fileRef = 1EB62ED7299C1937003E948E /* URLExtension.swift */; };
		1EB62EDA299C2093003E948E /* HTTPMethod.swift in Sources */ = {isa = PBXBuildFile; fileRef = 1EB62ED9299C2093003E948E /* HTTPMethod.swift */; };
		1EB62EDD299C20F6003E948E /* ParameterEncoder.swift in Sources */ = {isa = PBXBuildFile; fileRef = 1EB62EDC299C20F6003E948E /* ParameterEncoder.swift */; };
		1EB62EDF299C2156003E948E /* APIRequestData.swift in Sources */ = {isa = PBXBuildFile; fileRef = 1EB62EDE299C2156003E948E /* APIRequestData.swift */; };
		1EB62EE1299C225B003E948E /* URLParameterEncoder.swift in Sources */ = {isa = PBXBuildFile; fileRef = 1EB62EE0299C225B003E948E /* URLParameterEncoder.swift */; };
		1EB62EE4299C2460003E948E /* APIRequestError.swift in Sources */ = {isa = PBXBuildFile; fileRef = 1EB62EE3299C2460003E948E /* APIRequestError.swift */; };
		1EB62EE7299C2761003E948E /* QueryParamsProvider.swift in Sources */ = {isa = PBXBuildFile; fileRef = 1EB62EE6299C2761003E948E /* QueryParamsProvider.swift */; };
		1EB62EE9299C28DF003E948E /* PaginatedQueryParamsProvider.swift in Sources */ = {isa = PBXBuildFile; fileRef = 1EB62EE8299C28DF003E948E /* PaginatedQueryParamsProvider.swift */; };
		1EB62EEC299C296B003E948E /* ResponseMapper.swift in Sources */ = {isa = PBXBuildFile; fileRef = 1EB62EEB299C296B003E948E /* ResponseMapper.swift */; };
		1EB62EEE299C297E003E948E /* JSONResponseMapper.swift in Sources */ = {isa = PBXBuildFile; fileRef = 1EB62EED299C297E003E948E /* JSONResponseMapper.swift */; };
		1EB62EF0299C2A70003E948E /* JSONDecoderExtension.swift in Sources */ = {isa = PBXBuildFile; fileRef = 1EB62EEF299C2A70003E948E /* JSONDecoderExtension.swift */; };
		1EB62EF2299C2E6B003E948E /* RequestBuilder.swift in Sources */ = {isa = PBXBuildFile; fileRef = 1EB62EF1299C2E6B003E948E /* RequestBuilder.swift */; };
/* End PBXBuildFile section */

/* Begin PBXFileReference section */
		1E4074E1299BD531001F3937 /* GitPeek.app */ = {isa = PBXFileReference; explicitFileType = wrapper.application; includeInIndex = 0; path = GitPeek.app; sourceTree = BUILT_PRODUCTS_DIR; };
		1E4074E4299BD531001F3937 /* AppDelegate.swift */ = {isa = PBXFileReference; lastKnownFileType = sourcecode.swift; path = AppDelegate.swift; sourceTree = "<group>"; };
		1E4074ED299BD533001F3937 /* Assets.xcassets */ = {isa = PBXFileReference; lastKnownFileType = folder.assetcatalog; path = Assets.xcassets; sourceTree = "<group>"; };
		1E4074F0299BD533001F3937 /* Base */ = {isa = PBXFileReference; lastKnownFileType = file.storyboard; name = Base; path = Base.lproj/LaunchScreen.storyboard; sourceTree = "<group>"; };
		1E4074F2299BD533001F3937 /* Info.plist */ = {isa = PBXFileReference; lastKnownFileType = text.plist.xml; path = Info.plist; sourceTree = "<group>"; };
		1EB62EC4299BE65D003E948E /* PullRequestListModule.swift */ = {isa = PBXFileReference; lastKnownFileType = sourcecode.swift; path = PullRequestListModule.swift; sourceTree = "<group>"; };
		1EB62EC6299BF113003E948E /* PullRequestModuleProtocols.swift */ = {isa = PBXFileReference; lastKnownFileType = sourcecode.swift; path = PullRequestModuleProtocols.swift; sourceTree = "<group>"; };
		1EB62ECC299BF875003E948E /* PullRequestListViewController.swift */ = {isa = PBXFileReference; lastKnownFileType = sourcecode.swift; path = PullRequestListViewController.swift; sourceTree = "<group>"; };
		1EB62ECE299BF8B4003E948E /* PullRequestListInteractor.swift */ = {isa = PBXFileReference; lastKnownFileType = sourcecode.swift; path = PullRequestListInteractor.swift; sourceTree = "<group>"; };
		1EB62ED0299BF95A003E948E /* PullRequestListPresenter.swift */ = {isa = PBXFileReference; lastKnownFileType = sourcecode.swift; path = PullRequestListPresenter.swift; sourceTree = "<group>"; };
		1EB62ED2299BFB37003E948E /* ApplicationRootRouter.swift */ = {isa = PBXFileReference; lastKnownFileType = sourcecode.swift; path = ApplicationRootRouter.swift; sourceTree = "<group>"; };
		1EB62ED7299C1937003E948E /* URLExtension.swift */ = {isa = PBXFileReference; lastKnownFileType = sourcecode.swift; path = URLExtension.swift; sourceTree = "<group>"; };
		1EB62ED9299C2093003E948E /* HTTPMethod.swift */ = {isa = PBXFileReference; lastKnownFileType = sourcecode.swift; path = HTTPMethod.swift; sourceTree = "<group>"; };
		1EB62EDC299C20F6003E948E /* ParameterEncoder.swift */ = {isa = PBXFileReference; lastKnownFileType = sourcecode.swift; path = ParameterEncoder.swift; sourceTree = "<group>"; };
		1EB62EDE299C2156003E948E /* APIRequestData.swift */ = {isa = PBXFileReference; lastKnownFileType = sourcecode.swift; path = APIRequestData.swift; sourceTree = "<group>"; };
		1EB62EE0299C225B003E948E /* URLParameterEncoder.swift */ = {isa = PBXFileReference; lastKnownFileType = sourcecode.swift; path = URLParameterEncoder.swift; sourceTree = "<group>"; };
		1EB62EE3299C2460003E948E /* APIRequestError.swift */ = {isa = PBXFileReference; lastKnownFileType = sourcecode.swift; path = APIRequestError.swift; sourceTree = "<group>"; };
		1EB62EE6299C2761003E948E /* QueryParamsProvider.swift */ = {isa = PBXFileReference; lastKnownFileType = sourcecode.swift; path = QueryParamsProvider.swift; sourceTree = "<group>"; };
		1EB62EE8299C28DF003E948E /* PaginatedQueryParamsProvider.swift */ = {isa = PBXFileReference; lastKnownFileType = sourcecode.swift; path = PaginatedQueryParamsProvider.swift; sourceTree = "<group>"; };
		1EB62EEB299C296B003E948E /* ResponseMapper.swift */ = {isa = PBXFileReference; lastKnownFileType = sourcecode.swift; path = ResponseMapper.swift; sourceTree = "<group>"; };
		1EB62EED299C297E003E948E /* JSONResponseMapper.swift */ = {isa = PBXFileReference; lastKnownFileType = sourcecode.swift; path = JSONResponseMapper.swift; sourceTree = "<group>"; };
		1EB62EEF299C2A70003E948E /* JSONDecoderExtension.swift */ = {isa = PBXFileReference; lastKnownFileType = sourcecode.swift; path = JSONDecoderExtension.swift; sourceTree = "<group>"; };
		1EB62EF1299C2E6B003E948E /* RequestBuilder.swift */ = {isa = PBXFileReference; lastKnownFileType = sourcecode.swift; path = RequestBuilder.swift; sourceTree = "<group>"; };
/* End PBXFileReference section */

/* Begin PBXFrameworksBuildPhase section */
		1E4074DE299BD531001F3937 /* Frameworks */ = {
			isa = PBXFrameworksBuildPhase;
			buildActionMask = 2147483647;
			files = (
			);
			runOnlyForDeploymentPostprocessing = 0;
		};
/* End PBXFrameworksBuildPhase section */

/* Begin PBXGroup section */
		1E4074D8299BD531001F3937 = {
			isa = PBXGroup;
			children = (
				1E4074E3299BD531001F3937 /* GitPeek */,
				1E4074E2299BD531001F3937 /* Products */,
			);
			sourceTree = "<group>";
		};
		1E4074E2299BD531001F3937 /* Products */ = {
			isa = PBXGroup;
			children = (
				1E4074E1299BD531001F3937 /* GitPeek.app */,
			);
			name = Products;
			sourceTree = "<group>";
		};
		1E4074E3299BD531001F3937 /* GitPeek */ = {
			isa = PBXGroup;
			children = (
				1EB62EB9299BD634003E948E /* App Startup */,
				1EB62EBF299BD8D1003E948E /* Application Navigation */,
				1EB62EC0299BD8DF003E948E /* Networking */,
				1EB62EC1299BD8E9003E948E /* Utils */,
				1EB62EBA299BD850003E948E /* Pull Request */,
				1EB62EC2299BD907003E948E /* Support Files */,
			);
			path = GitPeek;
			sourceTree = "<group>";
		};
		1EB62EB9299BD634003E948E /* App Startup */ = {
			isa = PBXGroup;
			children = (
				1E4074E4299BD531001F3937 /* AppDelegate.swift */,
			);
			path = "App Startup";
			sourceTree = "<group>";
		};
		1EB62EBA299BD850003E948E /* Pull Request */ = {
			isa = PBXGroup;
			children = (
				1EB62EBE299BD8B4003E948E /* Entities */,
				1EB62EBD299BD8A4003E948E /* Presenter */,
				1EB62EBC299BD897003E948E /* Interactor */,
				1EB62EBB299BD87E003E948E /* Views */,
				1EB62EC4299BE65D003E948E /* PullRequestListModule.swift */,
				1EB62EC6299BF113003E948E /* PullRequestModuleProtocols.swift */,
			);
			path = "Pull Request";
			sourceTree = "<group>";
		};
		1EB62EBB299BD87E003E948E /* Views */ = {
			isa = PBXGroup;
			children = (
				1EB62ECC299BF875003E948E /* PullRequestListViewController.swift */,
			);
			path = Views;
			sourceTree = "<group>";
		};
		1EB62EBC299BD897003E948E /* Interactor */ = {
			isa = PBXGroup;
			children = (
				1EB62ECE299BF8B4003E948E /* PullRequestListInteractor.swift */,
			);
			path = Interactor;
			sourceTree = "<group>";
		};
		1EB62EBD299BD8A4003E948E /* Presenter */ = {
			isa = PBXGroup;
			children = (
				1EB62ED0299BF95A003E948E /* PullRequestListPresenter.swift */,
			);
			path = Presenter;
			sourceTree = "<group>";
		};
		1EB62EBE299BD8B4003E948E /* Entities */ = {
			isa = PBXGroup;
			children = (
			);
			path = Entities;
			sourceTree = "<group>";
		};
		1EB62EBF299BD8D1003E948E /* Application Navigation */ = {
			isa = PBXGroup;
			children = (
				1EB62ED2299BFB37003E948E /* ApplicationRootRouter.swift */,
			);
			path = "Application Navigation";
			sourceTree = "<group>";
		};
		1EB62EC0299BD8DF003E948E /* Networking */ = {
			isa = PBXGroup;
			children = (
				1EB62EEA299C2959003E948E /* Response Handlers */,
				1EB62EE5299C2733003E948E /* Query Parameters */,
				1EB62EE2299C2453003E948E /* Errors */,
				1EB62EDB299C20D7003E948E /* Encoders */,
				1EB62ED9299C2093003E948E /* HTTPMethod.swift */,
				1EB62EDE299C2156003E948E /* APIRequestData.swift */,
				1EB62EF1299C2E6B003E948E /* RequestBuilder.swift */,
			);
			path = Networking;
			sourceTree = "<group>";
		};
		1EB62EC1299BD8E9003E948E /* Utils */ = {
			isa = PBXGroup;
			children = (
				1EB62ED6299C191F003E948E /* Extensions */,
			);
			path = Utils;
			sourceTree = "<group>";
		};
		1EB62EC2299BD907003E948E /* Support Files */ = {
			isa = PBXGroup;
			children = (
				1E4074ED299BD533001F3937 /* Assets.xcassets */,
				1E4074EF299BD533001F3937 /* LaunchScreen.storyboard */,
				1E4074F2299BD533001F3937 /* Info.plist */,
			);
			path = "Support Files";
			sourceTree = "<group>";
		};
		1EB62ED6299C191F003E948E /* Extensions */ = {
			isa = PBXGroup;
			children = (
				1EB62ED7299C1937003E948E /* URLExtension.swift */,
				1EB62EEF299C2A70003E948E /* JSONDecoderExtension.swift */,
			);
			path = Extensions;
			sourceTree = "<group>";
		};
		1EB62EDB299C20D7003E948E /* Encoders */ = {
			isa = PBXGroup;
			children = (
				1EB62EDC299C20F6003E948E /* ParameterEncoder.swift */,
				1EB62EE0299C225B003E948E /* URLParameterEncoder.swift */,
			);
			path = Encoders;
			sourceTree = "<group>";
		};
		1EB62EE2299C2453003E948E /* Errors */ = {
			isa = PBXGroup;
			children = (
				1EB62EE3299C2460003E948E /* APIRequestError.swift */,
			);
			path = Errors;
			sourceTree = "<group>";
		};
		1EB62EE5299C2733003E948E /* Query Parameters */ = {
			isa = PBXGroup;
			children = (
				1EB62EE6299C2761003E948E /* QueryParamsProvider.swift */,
				1EB62EE8299C28DF003E948E /* PaginatedQueryParamsProvider.swift */,
			);
			path = "Query Parameters";
			sourceTree = "<group>";
		};
		1EB62EEA299C2959003E948E /* Response Handlers */ = {
			isa = PBXGroup;
			children = (
				1EB62EEB299C296B003E948E /* ResponseMapper.swift */,
				1EB62EED299C297E003E948E /* JSONResponseMapper.swift */,
			);
			path = "Response Handlers";
			sourceTree = "<group>";
		};
/* End PBXGroup section */

/* Begin PBXNativeTarget section */
		1E4074E0299BD531001F3937 /* GitPeek */ = {
			isa = PBXNativeTarget;
			buildConfigurationList = 1E4074F5299BD533001F3937 /* Build configuration list for PBXNativeTarget "GitPeek" */;
			buildPhases = (
				1E4074DD299BD531001F3937 /* Sources */,
				1E4074DE299BD531001F3937 /* Frameworks */,
				1E4074DF299BD531001F3937 /* Resources */,
			);
			buildRules = (
			);
			dependencies = (
			);
			name = GitPeek;
			productName = GitPeek;
			productReference = 1E4074E1299BD531001F3937 /* GitPeek.app */;
			productType = "com.apple.product-type.application";
		};
/* End PBXNativeTarget section */

/* Begin PBXProject section */
		1E4074D9299BD531001F3937 /* Project object */ = {
			isa = PBXProject;
			attributes = {
				BuildIndependentTargetsInParallel = 1;
				LastSwiftUpdateCheck = 1420;
				LastUpgradeCheck = 1420;
				TargetAttributes = {
					1E4074E0299BD531001F3937 = {
						CreatedOnToolsVersion = 14.2;
					};
				};
			};
			buildConfigurationList = 1E4074DC299BD531001F3937 /* Build configuration list for PBXProject "GitPeek" */;
			compatibilityVersion = "Xcode 14.0";
			developmentRegion = en;
			hasScannedForEncodings = 0;
			knownRegions = (
				en,
				Base,
			);
			mainGroup = 1E4074D8299BD531001F3937;
			productRefGroup = 1E4074E2299BD531001F3937 /* Products */;
			projectDirPath = "";
			projectRoot = "";
			targets = (
				1E4074E0299BD531001F3937 /* GitPeek */,
			);
		};
/* End PBXProject section */

/* Begin PBXResourcesBuildPhase section */
		1E4074DF299BD531001F3937 /* Resources */ = {
			isa = PBXResourcesBuildPhase;
			buildActionMask = 2147483647;
			files = (
				1E4074F1299BD533001F3937 /* LaunchScreen.storyboard in Resources */,
				1E4074EE299BD533001F3937 /* Assets.xcassets in Resources */,
			);
			runOnlyForDeploymentPostprocessing = 0;
		};
/* End PBXResourcesBuildPhase section */

/* Begin PBXSourcesBuildPhase section */
		1E4074DD299BD531001F3937 /* Sources */ = {
			isa = PBXSourcesBuildPhase;
			buildActionMask = 2147483647;
			files = (
				1EB62EE9299C28DF003E948E /* PaginatedQueryParamsProvider.swift in Sources */,
				1EB62EE4299C2460003E948E /* APIRequestError.swift in Sources */,
				1EB62EE7299C2761003E948E /* QueryParamsProvider.swift in Sources */,
				1EB62EEC299C296B003E948E /* ResponseMapper.swift in Sources */,
				1EB62EC7299BF113003E948E /* PullRequestModuleProtocols.swift in Sources */,
				1E4074E5299BD531001F3937 /* AppDelegate.swift in Sources */,
				1EB62ED1299BF95A003E948E /* PullRequestListPresenter.swift in Sources */,
				1EB62EC5299BE65D003E948E /* PullRequestListModule.swift in Sources */,
				1EB62ECD299BF875003E948E /* PullRequestListViewController.swift in Sources */,
				1EB62EEE299C297E003E948E /* JSONResponseMapper.swift in Sources */,
				1EB62EDA299C2093003E948E /* HTTPMethod.swift in Sources */,
				1EB62ED8299C1937003E948E /* URLExtension.swift in Sources */,
				1EB62ECF299BF8B4003E948E /* PullRequestListInteractor.swift in Sources */,
				1EB62EE1299C225B003E948E /* URLParameterEncoder.swift in Sources */,
				1EB62EF0299C2A70003E948E /* JSONDecoderExtension.swift in Sources */,
				1EB62EDF299C2156003E948E /* APIRequestData.swift in Sources */,
				1EB62EF2299C2E6B003E948E /* RequestBuilder.swift in Sources */,
				1EB62EDD299C20F6003E948E /* ParameterEncoder.swift in Sources */,
				1EB62ED3299BFB37003E948E /* ApplicationRootRouter.swift in Sources */,
			);
			runOnlyForDeploymentPostprocessing = 0;
		};
/* End PBXSourcesBuildPhase section */

/* Begin PBXVariantGroup section */
		1E4074EF299BD533001F3937 /* LaunchScreen.storyboard */ = {
			isa = PBXVariantGroup;
			children = (
				1E4074F0299BD533001F3937 /* Base */,
			);
			name = LaunchScreen.storyboard;
			sourceTree = "<group>";
		};
/* End PBXVariantGroup section */

/* Begin XCBuildConfiguration section */
		1E4074F3299BD533001F3937 /* Debug */ = {
			isa = XCBuildConfiguration;
			buildSettings = {
				ALWAYS_SEARCH_USER_PATHS = NO;
				CLANG_ANALYZER_NONNULL = YES;
				CLANG_ANALYZER_NUMBER_OBJECT_CONVERSION = YES_AGGRESSIVE;
				CLANG_CXX_LANGUAGE_STANDARD = "gnu++20";
				CLANG_ENABLE_MODULES = YES;
				CLANG_ENABLE_OBJC_ARC = YES;
				CLANG_ENABLE_OBJC_WEAK = YES;
				CLANG_WARN_BLOCK_CAPTURE_AUTORELEASING = YES;
				CLANG_WARN_BOOL_CONVERSION = YES;
				CLANG_WARN_COMMA = YES;
				CLANG_WARN_CONSTANT_CONVERSION = YES;
				CLANG_WARN_DEPRECATED_OBJC_IMPLEMENTATIONS = YES;
				CLANG_WARN_DIRECT_OBJC_ISA_USAGE = YES_ERROR;
				CLANG_WARN_DOCUMENTATION_COMMENTS = YES;
				CLANG_WARN_EMPTY_BODY = YES;
				CLANG_WARN_ENUM_CONVERSION = YES;
				CLANG_WARN_INFINITE_RECURSION = YES;
				CLANG_WARN_INT_CONVERSION = YES;
				CLANG_WARN_NON_LITERAL_NULL_CONVERSION = YES;
				CLANG_WARN_OBJC_IMPLICIT_RETAIN_SELF = YES;
				CLANG_WARN_OBJC_LITERAL_CONVERSION = YES;
				CLANG_WARN_OBJC_ROOT_CLASS = YES_ERROR;
				CLANG_WARN_QUOTED_INCLUDE_IN_FRAMEWORK_HEADER = YES;
				CLANG_WARN_RANGE_LOOP_ANALYSIS = YES;
				CLANG_WARN_STRICT_PROTOTYPES = YES;
				CLANG_WARN_SUSPICIOUS_MOVE = YES;
				CLANG_WARN_UNGUARDED_AVAILABILITY = YES_AGGRESSIVE;
				CLANG_WARN_UNREACHABLE_CODE = YES;
				CLANG_WARN__DUPLICATE_METHOD_MATCH = YES;
				COPY_PHASE_STRIP = NO;
				DEBUG_INFORMATION_FORMAT = dwarf;
				ENABLE_STRICT_OBJC_MSGSEND = YES;
				ENABLE_TESTABILITY = YES;
				GCC_C_LANGUAGE_STANDARD = gnu11;
				GCC_DYNAMIC_NO_PIC = NO;
				GCC_NO_COMMON_BLOCKS = YES;
				GCC_OPTIMIZATION_LEVEL = 0;
				GCC_PREPROCESSOR_DEFINITIONS = (
					"DEBUG=1",
					"$(inherited)",
				);
				GCC_WARN_64_TO_32_BIT_CONVERSION = YES;
				GCC_WARN_ABOUT_RETURN_TYPE = YES_ERROR;
				GCC_WARN_UNDECLARED_SELECTOR = YES;
				GCC_WARN_UNINITIALIZED_AUTOS = YES_AGGRESSIVE;
				GCC_WARN_UNUSED_FUNCTION = YES;
				GCC_WARN_UNUSED_VARIABLE = YES;
				IPHONEOS_DEPLOYMENT_TARGET = 16.2;
				MTL_ENABLE_DEBUG_INFO = INCLUDE_SOURCE;
				MTL_FAST_MATH = YES;
				ONLY_ACTIVE_ARCH = YES;
				SDKROOT = iphoneos;
				SWIFT_ACTIVE_COMPILATION_CONDITIONS = DEBUG;
				SWIFT_OPTIMIZATION_LEVEL = "-Onone";
			};
			name = Debug;
		};
		1E4074F4299BD533001F3937 /* Release */ = {
			isa = XCBuildConfiguration;
			buildSettings = {
				ALWAYS_SEARCH_USER_PATHS = NO;
				CLANG_ANALYZER_NONNULL = YES;
				CLANG_ANALYZER_NUMBER_OBJECT_CONVERSION = YES_AGGRESSIVE;
				CLANG_CXX_LANGUAGE_STANDARD = "gnu++20";
				CLANG_ENABLE_MODULES = YES;
				CLANG_ENABLE_OBJC_ARC = YES;
				CLANG_ENABLE_OBJC_WEAK = YES;
				CLANG_WARN_BLOCK_CAPTURE_AUTORELEASING = YES;
				CLANG_WARN_BOOL_CONVERSION = YES;
				CLANG_WARN_COMMA = YES;
				CLANG_WARN_CONSTANT_CONVERSION = YES;
				CLANG_WARN_DEPRECATED_OBJC_IMPLEMENTATIONS = YES;
				CLANG_WARN_DIRECT_OBJC_ISA_USAGE = YES_ERROR;
				CLANG_WARN_DOCUMENTATION_COMMENTS = YES;
				CLANG_WARN_EMPTY_BODY = YES;
				CLANG_WARN_ENUM_CONVERSION = YES;
				CLANG_WARN_INFINITE_RECURSION = YES;
				CLANG_WARN_INT_CONVERSION = YES;
				CLANG_WARN_NON_LITERAL_NULL_CONVERSION = YES;
				CLANG_WARN_OBJC_IMPLICIT_RETAIN_SELF = YES;
				CLANG_WARN_OBJC_LITERAL_CONVERSION = YES;
				CLANG_WARN_OBJC_ROOT_CLASS = YES_ERROR;
				CLANG_WARN_QUOTED_INCLUDE_IN_FRAMEWORK_HEADER = YES;
				CLANG_WARN_RANGE_LOOP_ANALYSIS = YES;
				CLANG_WARN_STRICT_PROTOTYPES = YES;
				CLANG_WARN_SUSPICIOUS_MOVE = YES;
				CLANG_WARN_UNGUARDED_AVAILABILITY = YES_AGGRESSIVE;
				CLANG_WARN_UNREACHABLE_CODE = YES;
				CLANG_WARN__DUPLICATE_METHOD_MATCH = YES;
				COPY_PHASE_STRIP = NO;
				DEBUG_INFORMATION_FORMAT = "dwarf-with-dsym";
				ENABLE_NS_ASSERTIONS = NO;
				ENABLE_STRICT_OBJC_MSGSEND = YES;
				GCC_C_LANGUAGE_STANDARD = gnu11;
				GCC_NO_COMMON_BLOCKS = YES;
				GCC_WARN_64_TO_32_BIT_CONVERSION = YES;
				GCC_WARN_ABOUT_RETURN_TYPE = YES_ERROR;
				GCC_WARN_UNDECLARED_SELECTOR = YES;
				GCC_WARN_UNINITIALIZED_AUTOS = YES_AGGRESSIVE;
				GCC_WARN_UNUSED_FUNCTION = YES;
				GCC_WARN_UNUSED_VARIABLE = YES;
				IPHONEOS_DEPLOYMENT_TARGET = 16.2;
				MTL_ENABLE_DEBUG_INFO = NO;
				MTL_FAST_MATH = YES;
				SDKROOT = iphoneos;
				SWIFT_COMPILATION_MODE = wholemodule;
				SWIFT_OPTIMIZATION_LEVEL = "-O";
				VALIDATE_PRODUCT = YES;
			};
			name = Release;
		};
		1E4074F6299BD533001F3937 /* Debug */ = {
			isa = XCBuildConfiguration;
			buildSettings = {
				ASSETCATALOG_COMPILER_APPICON_NAME = AppIcon;
				ASSETCATALOG_COMPILER_GLOBAL_ACCENT_COLOR_NAME = AccentColor;
				CODE_SIGN_STYLE = Automatic;
				CURRENT_PROJECT_VERSION = 1;
				DEVELOPMENT_TEAM = 5N4LHF5GU6;
				GENERATE_INFOPLIST_FILE = YES;
				INFOPLIST_FILE = "GitPeek/Support Files/Info.plist";
				INFOPLIST_KEY_UIApplicationSupportsIndirectInputEvents = YES;
				INFOPLIST_KEY_UILaunchStoryboardName = LaunchScreen.storyboard;
				INFOPLIST_KEY_UISupportedInterfaceOrientations = UIInterfaceOrientationPortrait;
				INFOPLIST_KEY_UISupportedInterfaceOrientations_iPad = "UIInterfaceOrientationLandscapeLeft UIInterfaceOrientationLandscapeRight UIInterfaceOrientationPortrait UIInterfaceOrientationPortraitUpsideDown";
				IPHONEOS_DEPLOYMENT_TARGET = 13.0;
				LD_RUNPATH_SEARCH_PATHS = (
					"$(inherited)",
					"@executable_path/Frameworks",
				);
				MARKETING_VERSION = 1.0;
				PRODUCT_BUNDLE_IDENTIFIER = ashbadak.GitPeek;
				PRODUCT_NAME = "$(TARGET_NAME)";
				SUPPORTED_PLATFORMS = "iphoneos iphonesimulator";
				SUPPORTS_MACCATALYST = NO;
				SUPPORTS_MAC_DESIGNED_FOR_IPHONE_IPAD = NO;
				SWIFT_EMIT_LOC_STRINGS = YES;
				SWIFT_VERSION = 5.0;
				TARGETED_DEVICE_FAMILY = 1;
			};
			name = Debug;
		};
		1E4074F7299BD533001F3937 /* Release */ = {
			isa = XCBuildConfiguration;
			buildSettings = {
				ASSETCATALOG_COMPILER_APPICON_NAME = AppIcon;
				ASSETCATALOG_COMPILER_GLOBAL_ACCENT_COLOR_NAME = AccentColor;
				CODE_SIGN_STYLE = Automatic;
				CURRENT_PROJECT_VERSION = 1;
				DEVELOPMENT_TEAM = 5N4LHF5GU6;
				GENERATE_INFOPLIST_FILE = YES;
				INFOPLIST_FILE = "GitPeek/Support Files/Info.plist";
				INFOPLIST_KEY_UIApplicationSupportsIndirectInputEvents = YES;
				INFOPLIST_KEY_UILaunchStoryboardName = LaunchScreen.storyboard;
				INFOPLIST_KEY_UISupportedInterfaceOrientations = UIInterfaceOrientationPortrait;
				INFOPLIST_KEY_UISupportedInterfaceOrientations_iPad = "UIInterfaceOrientationLandscapeLeft UIInterfaceOrientationLandscapeRight UIInterfaceOrientationPortrait UIInterfaceOrientationPortraitUpsideDown";
				IPHONEOS_DEPLOYMENT_TARGET = 13.0;
				LD_RUNPATH_SEARCH_PATHS = (
					"$(inherited)",
					"@executable_path/Frameworks",
				);
				MARKETING_VERSION = 1.0;
				PRODUCT_BUNDLE_IDENTIFIER = ashbadak.GitPeek;
				PRODUCT_NAME = "$(TARGET_NAME)";
				SUPPORTED_PLATFORMS = "iphoneos iphonesimulator";
				SUPPORTS_MACCATALYST = NO;
				SUPPORTS_MAC_DESIGNED_FOR_IPHONE_IPAD = NO;
				SWIFT_EMIT_LOC_STRINGS = YES;
				SWIFT_VERSION = 5.0;
				TARGETED_DEVICE_FAMILY = 1;
			};
			name = Release;
		};
/* End XCBuildConfiguration section */

/* Begin XCConfigurationList section */
		1E4074DC299BD531001F3937 /* Build configuration list for PBXProject "GitPeek" */ = {
			isa = XCConfigurationList;
			buildConfigurations = (
				1E4074F3299BD533001F3937 /* Debug */,
				1E4074F4299BD533001F3937 /* Release */,
			);
			defaultConfigurationIsVisible = 0;
			defaultConfigurationName = Release;
		};
		1E4074F5299BD533001F3937 /* Build configuration list for PBXNativeTarget "GitPeek" */ = {
			isa = XCConfigurationList;
			buildConfigurations = (
				1E4074F6299BD533001F3937 /* Debug */,
				1E4074F7299BD533001F3937 /* Release */,
			);
			defaultConfigurationIsVisible = 0;
			defaultConfigurationName = Release;
		};
/* End XCConfigurationList section */
	};
	rootObject = 1E4074D9299BD531001F3937 /* Project object */;
}
